
Microsoft Visual Studio Solution File, Format Version 12.00
# Visual Studio 2013
VisualStudioVersion = 12.0.0.0
MinimumVisualStudioVersion = 10.0.0.1
Project("{FAE04EC0-301F-11D3-BF4B-00C04F79EFBC}") = "DSH.DiscordBot.Host", "DSH.DiscordBot.Host\DSH.DiscordBot.Host.csproj", "{365209B7-C0D3-4383-BA41-11955722D483}"
EndProject
Project("{FAE04EC0-301F-11D3-BF4B-00C04F79EFBC}") = "DSH.DiscordBot.Infrastructure", "DSH.DiscordBot.Infrastructure\DSH.DiscordBot.Infrastructure.csproj", "{A34E40E6-FEFA-4E29-A158-97D6E40F9131}"
EndProject
Project("{2150E333-8FDC-42A3-9474-1A3956D46DE8}") = "Version", "Version", "{6AFFDB79-2F62-4126-B4E7-AF8A9BF9C94A}"
ProjectSection(SolutionItems) = preProject
	AssemblyInfo.Common.cs = AssemblyInfo.Common.cs
EndProjectSection
EndProject
Project("{FAE04EC0-301F-11D3-BF4B-00C04F79EFBC}") = "DSH.DiscordBot.Contract", "DSH.DiscordBot.Contract\DSH.DiscordBot.Contract.csproj", "{CFB56956-C13C-4833-AF51-905124090B85}"
EndProject
Project("{FAE04EC0-301F-11D3-BF4B-00C04F79EFBC}") = "DSH.DiscordBot.Storage", "DSH.DiscordBot.Storage\DSH.DiscordBot.Storage.csproj", "{ACD2FDFB-B29C-49E6-A272-8EAE9C11A1C1}"
EndProject
Project("{FAE04EC0-301F-11D3-BF4B-00C04F79EFBC}") = "DSH.DiscordBot.Bots", "DSH.DiscordBot.Bots\DSH.DiscordBot.Bots.csproj", "{A45E8FA9-3AFD-4A36-A5FD-8E5D367CAB2C}"
EndProject
Project("{FAE04EC0-301F-11D3-BF4B-00C04F79EFBC}") = "DSH.DiscordBot.Clients", "DSH.DiscordBot.Clients\DSH.DiscordBot.Clients.csproj", "{BD02D105-CD26-4870-A21B-23AEFEB24399}"
EndProject
Global
	GlobalSection(SolutionConfigurationPlatforms) = preSolution
		Debug|Any CPU = Debug|Any CPU
		Release|Any CPU = Release|Any CPU
	EndGlobalSection
	GlobalSection(ProjectConfigurationPlatforms) = postSolution
		{365209B7-C0D3-4383-BA41-11955722D483}.Debug|Any CPU.ActiveCfg = Debug|Any CPU
		{365209B7-C0D3-4383-BA41-11955722D483}.Debug|Any CPU.Build.0 = Debug|Any CPU
		{365209B7-C0D3-4383-BA41-11955722D483}.Release|Any CPU.ActiveCfg = Release|Any CPU
		{365209B7-C0D3-4383-BA41-11955722D483}.Release|Any CPU.Build.0 = Release|Any CPU
		{A34E40E6-FEFA-4E29-A158-97D6E40F9131}.Debug|Any CPU.ActiveCfg = Debug|Any CPU
		{A34E40E6-FEFA-4E29-A158-97D6E40F9131}.Debug|Any CPU.Build.0 = Debug|Any CPU
		{A34E40E6-FEFA-4E29-A158-97D6E40F9131}.Release|Any CPU.ActiveCfg = Release|Any CPU
		{A34E40E6-FEFA-4E29-A158-97D6E40F9131}.Release|Any CPU.Build.0 = Release|Any CPU
		{CFB56956-C13C-4833-AF51-905124090B85}.Debug|Any CPU.ActiveCfg = Debug|Any CPU
		{CFB56956-C13C-4833-AF51-905124090B85}.Debug|Any CPU.Build.0 = Debug|Any CPU
		{CFB56956-C13C-4833-AF51-905124090B85}.Release|Any CPU.ActiveCfg = Release|Any CPU
		{CFB56956-C13C-4833-AF51-905124090B85}.Release|Any CPU.Build.0 = Release|Any CPU
		{ACD2FDFB-B29C-49E6-A272-8EAE9C11A1C1}.Debug|Any CPU.ActiveCfg = Debug|Any CPU
		{ACD2FDFB-B29C-49E6-A272-8EAE9C11A1C1}.Debug|Any CPU.Build.0 = Debug|Any CPU
		{ACD2FDFB-B29C-49E6-A272-8EAE9C11A1C1}.Release|Any CPU.ActiveCfg = Release|Any CPU
		{ACD2FDFB-B29C-49E6-A272-8EAE9C11A1C1}.Release|Any CPU.Build.0 = Release|Any CPU
		{A45E8FA9-3AFD-4A36-A5FD-8E5D367CAB2C}.Debug|Any CPU.ActiveCfg = Debug|Any CPU
		{A45E8FA9-3AFD-4A36-A5FD-8E5D367CAB2C}.Debug|Any CPU.Build.0 = Debug|Any CPU
		{A45E8FA9-3AFD-4A36-A5FD-8E5D367CAB2C}.Release|Any CPU.ActiveCfg = Release|Any CPU
		{A45E8FA9-3AFD-4A36-A5FD-8E5D367CAB2C}.Release|Any CPU.Build.0 = Release|Any CPU
		{BD02D105-CD26-4870-A21B-23AEFEB24399}.Debug|Any CPU.ActiveCfg = Debug|Any CPU
		{BD02D105-CD26-4870-A21B-23AEFEB24399}.Debug|Any CPU.Build.0 = Debug|Any CPU
		{BD02D105-CD26-4870-A21B-23AEFEB24399}.Release|Any CPU.ActiveCfg = Release|Any CPU
		{BD02D105-CD26-4870-A21B-23AEFEB24399}.Release|Any CPU.Build.0 = Release|Any CPU
	EndGlobalSection
	GlobalSection(SolutionProperties) = preSolution
		HideSolutionNode = FALSE
	EndGlobalSection
EndGlobal
